
Microsoft Visual Studio Solution File, Format Version 12.00
# Visual Studio Version 17
VisualStudioVersion = 17.5.33530.505
MinimumVisualStudioVersion = 10.0.40219.1
Project("{FAE04EC0-301F-11D3-BF4B-00C04F79EFBC}") = "Kill yourself 1", "Kill yourself 1.csproj", "{3D6EB205-823C-4462-A69B-61C45E2A05D0}"
EndProject
Global
	GlobalSection(SolutionConfigurationPlatforms) = preSolution
		Debug|Any CPU = Debug|Any CPU
		Release|Any CPU = Release|Any CPU
	EndGlobalSection
	GlobalSection(ProjectConfigurationPlatforms) = postSolution
		{3D6EB205-823C-4462-A69B-61C45E2A05D0}.Debug|Any CPU.ActiveCfg = Debug|Any CPU
		{3D6EB205-823C-4462-A69B-61C45E2A05D0}.Debug|Any CPU.Build.0 = Debug|Any CPU
		{3D6EB205-823C-4462-A69B-61C45E2A05D0}.Release|Any CPU.ActiveCfg = Release|Any CPU
		{3D6EB205-823C-4462-A69B-61C45E2A05D0}.Release|Any CPU.Build.0 = Release|Any CPU
	EndGlobalSection
	GlobalSection(SolutionProperties) = preSolution
		HideSolutionNode = FALSE
	EndGlobalSection
	GlobalSection(ExtensibilityGlobals) = postSolution
		SolutionGuid = {C5A8CC47-AFDE-44DF-BFCB-50BAC9CEE0E1}
	EndGlobalSection
EndGlobal
